
Microsoft Visual Studio Solution File, Format Version 11.00
# Visual Studio 2010
Project("{FAE04EC0-301F-11D3-BF4B-00C04F79EFBC}") = "Assembly-CSharp-firstpass", "Assembly-CSharp-firstpass.csproj", "{B154B9D3-B153-97F7-6CD2-591574ADCBC8}"
EndProject
Project("{FAE04EC0-301F-11D3-BF4B-00C04F79EFBC}") = "Assembly-CSharp", "Assembly-CSharp.csproj", "{0D6487E0-E2B0-850B-9AAD-E8B8E073BCC5}"
EndProject
Project("{FAE04EC0-301F-11D3-BF4B-00C04F79EFBC}") = "Assembly-CSharp-Editor-firstpass", "Assembly-CSharp-Editor-firstpass.csproj", "{CA246536-3533-902D-23BE-D2BCDCB68DC8}"
EndProject
Project("{FAE04EC0-301F-11D3-BF4B-00C04F79EFBC}") = "Assembly-CSharp-Editor", "Assembly-CSharp-Editor.csproj", "{62F3153C-D8CE-BC23-735C-A99D078298DC}"
EndProject
Global
	GlobalSection(SolutionConfigurationPlatforms) = preSolution
		Debug|Any CPU = Debug|Any CPU
		Release|Any CPU = Release|Any CPU
	EndGlobalSection
	GlobalSection(ProjectConfigurationPlatforms) = postSolution
		{B154B9D3-B153-97F7-6CD2-591574ADCBC8}.Debug|Any CPU.ActiveCfg = Debug|Any CPU
		{B154B9D3-B153-97F7-6CD2-591574ADCBC8}.Debug|Any CPU.Build.0 = Debug|Any CPU
		{B154B9D3-B153-97F7-6CD2-591574ADCBC8}.Release|Any CPU.ActiveCfg = Release|Any CPU
		{B154B9D3-B153-97F7-6CD2-591574ADCBC8}.Release|Any CPU.Build.0 = Release|Any CPU
		{0D6487E0-E2B0-850B-9AAD-E8B8E073BCC5}.Debug|Any CPU.ActiveCfg = Debug|Any CPU
		{0D6487E0-E2B0-850B-9AAD-E8B8E073BCC5}.Debug|Any CPU.Build.0 = Debug|Any CPU
		{0D6487E0-E2B0-850B-9AAD-E8B8E073BCC5}.Release|Any CPU.ActiveCfg = Release|Any CPU
		{0D6487E0-E2B0-850B-9AAD-E8B8E073BCC5}.Release|Any CPU.Build.0 = Release|Any CPU
		{CA246536-3533-902D-23BE-D2BCDCB68DC8}.Debug|Any CPU.ActiveCfg = Debug|Any CPU
		{CA246536-3533-902D-23BE-D2BCDCB68DC8}.Debug|Any CPU.Build.0 = Debug|Any CPU
		{CA246536-3533-902D-23BE-D2BCDCB68DC8}.Release|Any CPU.ActiveCfg = Release|Any CPU
		{CA246536-3533-902D-23BE-D2BCDCB68DC8}.Release|Any CPU.Build.0 = Release|Any CPU
		{62F3153C-D8CE-BC23-735C-A99D078298DC}.Debug|Any CPU.ActiveCfg = Debug|Any CPU
		{62F3153C-D8CE-BC23-735C-A99D078298DC}.Debug|Any CPU.Build.0 = Debug|Any CPU
		{62F3153C-D8CE-BC23-735C-A99D078298DC}.Release|Any CPU.ActiveCfg = Release|Any CPU
		{62F3153C-D8CE-BC23-735C-A99D078298DC}.Release|Any CPU.Build.0 = Release|Any CPU
	EndGlobalSection
	GlobalSection(SolutionProperties) = preSolution
		HideSolutionNode = FALSE
	EndGlobalSection
EndGlobal
